// !$*UTF8*$!
{
	archiveVersion = 1;
	classes = {
	};
	objectVersion = 50;
	objects = {

/* Begin PBXBuildFile section */
		4D832BE82654414900752AF8 /* AppDelegate.swift in Sources */ = {isa = PBXBuildFile; fileRef = 4D832BE72654414900752AF8 /* AppDelegate.swift */; };
		4D832BEA2654414900752AF8 /* SceneDelegate.swift in Sources */ = {isa = PBXBuildFile; fileRef = 4D832BE92654414900752AF8 /* SceneDelegate.swift */; };
		4D832BEC2654414900752AF8 /* ViewController.swift in Sources */ = {isa = PBXBuildFile; fileRef = 4D832BEB2654414900752AF8 /* ViewController.swift */; };
		4D832BF12654414C00752AF8 /* Assets.xcassets in Resources */ = {isa = PBXBuildFile; fileRef = 4D832BF02654414C00752AF8 /* Assets.xcassets */; };
		4D832BF42654414C00752AF8 /* LaunchScreen.storyboard in Resources */ = {isa = PBXBuildFile; fileRef = 4D832BF22654414C00752AF8 /* LaunchScreen.storyboard */; };
		4D832C0026544D4F00752AF8 /* MyListsViewController.swift in Sources */ = {isa = PBXBuildFile; fileRef = 4D832BFF26544D4F00752AF8 /* MyListsViewController.swift */; };
		4D832C0226544D8400752AF8 /* MyListsView.swift in Sources */ = {isa = PBXBuildFile; fileRef = 4D832C0126544D8400752AF8 /* MyListsView.swift */; };
		4D832C05265456D500752AF8 /* Item.swift in Sources */ = {isa = PBXBuildFile; fileRef = 4D832C04265456D500752AF8 /* Item.swift */; };
		4D832C07265456EC00752AF8 /* ItemList.swift in Sources */ = {isa = PBXBuildFile; fileRef = 4D832C06265456EC00752AF8 /* ItemList.swift */; };
		4D832C092655F0E300752AF8 /* ListCell.swift in Sources */ = {isa = PBXBuildFile; fileRef = 4D832C082655F0E300752AF8 /* ListCell.swift */; };
		4DD52D1126583F480034CDA4 /* Minha_ListaTests.swift in Sources */ = {isa = PBXBuildFile; fileRef = 4DD52D1026583F480034CDA4 /* Minha_ListaTests.swift */; };
/* End PBXBuildFile section */

/* Begin PBXContainerItemProxy section */
		4DD52D1326583F480034CDA4 /* PBXContainerItemProxy */ = {
			isa = PBXContainerItemProxy;
			containerPortal = 4D832BDC2654414800752AF8 /* Project object */;
			proxyType = 1;
			remoteGlobalIDString = 4D832BE32654414800752AF8;
			remoteInfo = "Minha Lista";
		};
/* End PBXContainerItemProxy section */

/* Begin PBXFileReference section */
		4D832BE42654414900752AF8 /* Minha Lista.app */ = {isa = PBXFileReference; explicitFileType = wrapper.application; includeInIndex = 0; path = "Minha Lista.app"; sourceTree = BUILT_PRODUCTS_DIR; };
		4D832BE72654414900752AF8 /* AppDelegate.swift */ = {isa = PBXFileReference; lastKnownFileType = sourcecode.swift; path = AppDelegate.swift; sourceTree = "<group>"; };
		4D832BE92654414900752AF8 /* SceneDelegate.swift */ = {isa = PBXFileReference; lastKnownFileType = sourcecode.swift; path = SceneDelegate.swift; sourceTree = "<group>"; };
		4D832BEB2654414900752AF8 /* ViewController.swift */ = {isa = PBXFileReference; lastKnownFileType = sourcecode.swift; path = ViewController.swift; sourceTree = "<group>"; };
		4D832BF02654414C00752AF8 /* Assets.xcassets */ = {isa = PBXFileReference; lastKnownFileType = folder.assetcatalog; path = Assets.xcassets; sourceTree = "<group>"; };
		4D832BF32654414C00752AF8 /* Base */ = {isa = PBXFileReference; lastKnownFileType = file.storyboard; name = Base; path = Base.lproj/LaunchScreen.storyboard; sourceTree = "<group>"; };
		4D832BF52654414C00752AF8 /* Info.plist */ = {isa = PBXFileReference; lastKnownFileType = text.plist.xml; path = Info.plist; sourceTree = "<group>"; };
		4D832BFF26544D4F00752AF8 /* MyListsViewController.swift */ = {isa = PBXFileReference; lastKnownFileType = sourcecode.swift; path = MyListsViewController.swift; sourceTree = "<group>"; };
		4D832C0126544D8400752AF8 /* MyListsView.swift */ = {isa = PBXFileReference; lastKnownFileType = sourcecode.swift; path = MyListsView.swift; sourceTree = "<group>"; };
		4D832C04265456D500752AF8 /* Item.swift */ = {isa = PBXFileReference; lastKnownFileType = sourcecode.swift; path = Item.swift; sourceTree = "<group>"; };
		4D832C06265456EC00752AF8 /* ItemList.swift */ = {isa = PBXFileReference; lastKnownFileType = sourcecode.swift; path = ItemList.swift; sourceTree = "<group>"; };
		4D832C082655F0E300752AF8 /* ListCell.swift */ = {isa = PBXFileReference; lastKnownFileType = sourcecode.swift; path = ListCell.swift; sourceTree = "<group>"; };
		4DD52D0E26583F480034CDA4 /* Minha ListaTests.xctest */ = {isa = PBXFileReference; explicitFileType = wrapper.cfbundle; includeInIndex = 0; path = "Minha ListaTests.xctest"; sourceTree = BUILT_PRODUCTS_DIR; };
		4DD52D1026583F480034CDA4 /* Minha_ListaTests.swift */ = {isa = PBXFileReference; lastKnownFileType = sourcecode.swift; path = Minha_ListaTests.swift; sourceTree = "<group>"; };
		4DD52D1226583F480034CDA4 /* Info.plist */ = {isa = PBXFileReference; lastKnownFileType = text.plist.xml; path = Info.plist; sourceTree = "<group>"; };
/* End PBXFileReference section */

/* Begin PBXFrameworksBuildPhase section */
		4D832BE12654414800752AF8 /* Frameworks */ = {
			isa = PBXFrameworksBuildPhase;
			buildActionMask = 2147483647;
			files = (
			);
			runOnlyForDeploymentPostprocessing = 0;
		};
		4DD52D0B26583F480034CDA4 /* Frameworks */ = {
			isa = PBXFrameworksBuildPhase;
			buildActionMask = 2147483647;
			files = (
			);
			runOnlyForDeploymentPostprocessing = 0;
		};
/* End PBXFrameworksBuildPhase section */

/* Begin PBXGroup section */
		4D832BDB2654414800752AF8 = {
			isa = PBXGroup;
			children = (
				4D832BE62654414900752AF8 /* Minha Lista */,
				4DD52D0F26583F480034CDA4 /* Minha ListaTests */,
				4D832BE52654414900752AF8 /* Products */,
			);
			sourceTree = "<group>";
		};
		4D832BE52654414900752AF8 /* Products */ = {
			isa = PBXGroup;
			children = (
				4D832BE42654414900752AF8 /* Minha Lista.app */,
				4DD52D0E26583F480034CDA4 /* Minha ListaTests.xctest */,
			);
			name = Products;
			sourceTree = "<group>";
		};
		4D832BE62654414900752AF8 /* Minha Lista */ = {
			isa = PBXGroup;
			children = (
				4D832BFB265444D200752AF8 /* APP */,
				4D832BE72654414900752AF8 /* AppDelegate.swift */,
				4D832BE92654414900752AF8 /* SceneDelegate.swift */,
				4D832BEB2654414900752AF8 /* ViewController.swift */,
				4D832BF02654414C00752AF8 /* Assets.xcassets */,
				4D832BF22654414C00752AF8 /* LaunchScreen.storyboard */,
				4D832BF52654414C00752AF8 /* Info.plist */,
			);
			path = "Minha Lista";
			sourceTree = "<group>";
		};
		4D832BFB265444D200752AF8 /* APP */ = {
			isa = PBXGroup;
			children = (
				4D832BFC265444DD00752AF8 /* MODULE */,
			);
			path = APP;
			sourceTree = "<group>";
		};
		4D832BFC265444DD00752AF8 /* MODULE */ = {
			isa = PBXGroup;
			children = (
				4D832BFD2654450D00752AF8 /* ITEMLIST */,
			);
			path = MODULE;
			sourceTree = "<group>";
		};
		4D832BFD2654450D00752AF8 /* ITEMLIST */ = {
			isa = PBXGroup;
			children = (
				4D832C03265456C100752AF8 /* ENTITY */,
				4D832BFE26544D2E00752AF8 /* VIEW */,
			);
			path = ITEMLIST;
			sourceTree = "<group>";
		};
		4D832BFE26544D2E00752AF8 /* VIEW */ = {
			isa = PBXGroup;
			children = (
				4D832BFF26544D4F00752AF8 /* MyListsViewController.swift */,
				4D832C0126544D8400752AF8 /* MyListsView.swift */,
				4D832C082655F0E300752AF8 /* ListCell.swift */,
			);
			path = VIEW;
			sourceTree = "<group>";
		};
		4D832C03265456C100752AF8 /* ENTITY */ = {
			isa = PBXGroup;
			children = (
				4D832C04265456D500752AF8 /* Item.swift */,
				4D832C06265456EC00752AF8 /* ItemList.swift */,
			);
			path = ENTITY;
			sourceTree = "<group>";
		};
		4DD52D0F26583F480034CDA4 /* Minha ListaTests */ = {
			isa = PBXGroup;
			children = (
				4DD52D1026583F480034CDA4 /* Minha_ListaTests.swift */,
				4DD52D1226583F480034CDA4 /* Info.plist */,
			);
			path = "Minha ListaTests";
			sourceTree = "<group>";
		};
/* End PBXGroup section */

/* Begin PBXNativeTarget section */
		4D832BE32654414800752AF8 /* Minha Lista */ = {
			isa = PBXNativeTarget;
			buildConfigurationList = 4D832BF82654414C00752AF8 /* Build configuration list for PBXNativeTarget "Minha Lista" */;
			buildPhases = (
				4D832BE02654414800752AF8 /* Sources */,
				4D832BE12654414800752AF8 /* Frameworks */,
				4D832BE22654414800752AF8 /* Resources */,
			);
			buildRules = (
			);
			dependencies = (
			);
			name = "Minha Lista";
			productName = "Minha Lista";
			productReference = 4D832BE42654414900752AF8 /* Minha Lista.app */;
			productType = "com.apple.product-type.application";
		};
		4DD52D0D26583F480034CDA4 /* Minha ListaTests */ = {
			isa = PBXNativeTarget;
			buildConfigurationList = 4DD52D1726583F480034CDA4 /* Build configuration list for PBXNativeTarget "Minha ListaTests" */;
			buildPhases = (
				4DD52D0A26583F480034CDA4 /* Sources */,
				4DD52D0B26583F480034CDA4 /* Frameworks */,
				4DD52D0C26583F480034CDA4 /* Resources */,
			);
			buildRules = (
			);
			dependencies = (
				4DD52D1426583F480034CDA4 /* PBXTargetDependency */,
			);
			name = "Minha ListaTests";
			productName = "Minha ListaTests";
			productReference = 4DD52D0E26583F480034CDA4 /* Minha ListaTests.xctest */;
			productType = "com.apple.product-type.bundle.unit-test";
		};
/* End PBXNativeTarget section */

/* Begin PBXProject section */
		4D832BDC2654414800752AF8 /* Project object */ = {
			isa = PBXProject;
			attributes = {
				LastSwiftUpdateCheck = 1250;
				LastUpgradeCheck = 1250;
				TargetAttributes = {
					4D832BE32654414800752AF8 = {
						CreatedOnToolsVersion = 12.5;
					};
					4DD52D0D26583F480034CDA4 = {
						CreatedOnToolsVersion = 12.5;
						TestTargetID = 4D832BE32654414800752AF8;
					};
				};
			};
			buildConfigurationList = 4D832BDF2654414800752AF8 /* Build configuration list for PBXProject "Minha Lista" */;
			compatibilityVersion = "Xcode 9.3";
			developmentRegion = en;
			hasScannedForEncodings = 0;
			knownRegions = (
				en,
				Base,
			);
			mainGroup = 4D832BDB2654414800752AF8;
			productRefGroup = 4D832BE52654414900752AF8 /* Products */;
			projectDirPath = "";
			projectRoot = "";
			targets = (
				4D832BE32654414800752AF8 /* Minha Lista */,
				4DD52D0D26583F480034CDA4 /* Minha ListaTests */,
			);
		};
/* End PBXProject section */

/* Begin PBXResourcesBuildPhase section */
		4D832BE22654414800752AF8 /* Resources */ = {
			isa = PBXResourcesBuildPhase;
			buildActionMask = 2147483647;
			files = (
				4D832BF42654414C00752AF8 /* LaunchScreen.storyboard in Resources */,
				4D832BF12654414C00752AF8 /* Assets.xcassets in Resources */,
			);
			runOnlyForDeploymentPostprocessing = 0;
		};
		4DD52D0C26583F480034CDA4 /* Resources */ = {
			isa = PBXResourcesBuildPhase;
			buildActionMask = 2147483647;
			files = (
			);
			runOnlyForDeploymentPostprocessing = 0;
		};
/* End PBXResourcesBuildPhase section */

/* Begin PBXSourcesBuildPhase section */
		4D832BE02654414800752AF8 /* Sources */ = {
			isa = PBXSourcesBuildPhase;
			buildActionMask = 2147483647;
			files = (
				4D832C0226544D8400752AF8 /* MyListsView.swift in Sources */,
				4D832BEC2654414900752AF8 /* ViewController.swift in Sources */,
				4D832C0026544D4F00752AF8 /* MyListsViewController.swift in Sources */,
				4D832C07265456EC00752AF8 /* ItemList.swift in Sources */,
				4D832BE82654414900752AF8 /* AppDelegate.swift in Sources */,
				4D832C092655F0E300752AF8 /* ListCell.swift in Sources */,
				4D832C05265456D500752AF8 /* Item.swift in Sources */,
				4D832BEA2654414900752AF8 /* SceneDelegate.swift in Sources */,
			);
			runOnlyForDeploymentPostprocessing = 0;
		};
		4DD52D0A26583F480034CDA4 /* Sources */ = {
			isa = PBXSourcesBuildPhase;
			buildActionMask = 2147483647;
			files = (
				4DD52D1126583F480034CDA4 /* Minha_ListaTests.swift in Sources */,
			);
			runOnlyForDeploymentPostprocessing = 0;
		};
/* End PBXSourcesBuildPhase section */

/* Begin PBXTargetDependency section */
		4DD52D1426583F480034CDA4 /* PBXTargetDependency */ = {
			isa = PBXTargetDependency;
			target = 4D832BE32654414800752AF8 /* Minha Lista */;
			targetProxy = 4DD52D1326583F480034CDA4 /* PBXContainerItemProxy */;
		};
/* End PBXTargetDependency section */

/* Begin PBXVariantGroup section */
		4D832BF22654414C00752AF8 /* LaunchScreen.storyboard */ = {
			isa = PBXVariantGroup;
			children = (
				4D832BF32654414C00752AF8 /* Base */,
			);
			name = LaunchScreen.storyboard;
			sourceTree = "<group>";
		};
/* End PBXVariantGroup section */

/* Begin XCBuildConfiguration section */
		4D832BF62654414C00752AF8 /* Debug */ = {
			isa = XCBuildConfiguration;
			buildSettings = {
				ALWAYS_SEARCH_USER_PATHS = NO;
				CLANG_ANALYZER_NONNULL = YES;
				CLANG_ANALYZER_NUMBER_OBJECT_CONVERSION = YES_AGGRESSIVE;
				CLANG_CXX_LANGUAGE_STANDARD = "gnu++14";
				CLANG_CXX_LIBRARY = "libc++";
				CLANG_ENABLE_MODULES = YES;
				CLANG_ENABLE_OBJC_ARC = YES;
				CLANG_ENABLE_OBJC_WEAK = YES;
				CLANG_WARN_BLOCK_CAPTURE_AUTORELEASING = YES;
				CLANG_WARN_BOOL_CONVERSION = YES;
				CLANG_WARN_COMMA = YES;
				CLANG_WARN_CONSTANT_CONVERSION = YES;
				CLANG_WARN_DEPRECATED_OBJC_IMPLEMENTATIONS = YES;
				CLANG_WARN_DIRECT_OBJC_ISA_USAGE = YES_ERROR;
				CLANG_WARN_DOCUMENTATION_COMMENTS = YES;
				CLANG_WARN_EMPTY_BODY = YES;
				CLANG_WARN_ENUM_CONVERSION = YES;
				CLANG_WARN_INFINITE_RECURSION = YES;
				CLANG_WARN_INT_CONVERSION = YES;
				CLANG_WARN_NON_LITERAL_NULL_CONVERSION = YES;
				CLANG_WARN_OBJC_IMPLICIT_RETAIN_SELF = YES;
				CLANG_WARN_OBJC_LITERAL_CONVERSION = YES;
				CLANG_WARN_OBJC_ROOT_CLASS = YES_ERROR;
				CLANG_WARN_QUOTED_INCLUDE_IN_FRAMEWORK_HEADER = YES;
				CLANG_WARN_RANGE_LOOP_ANALYSIS = YES;
				CLANG_WARN_STRICT_PROTOTYPES = YES;
				CLANG_WARN_SUSPICIOUS_MOVE = YES;
				CLANG_WARN_UNGUARDED_AVAILABILITY = YES_AGGRESSIVE;
				CLANG_WARN_UNREACHABLE_CODE = YES;
				CLANG_WARN__DUPLICATE_METHOD_MATCH = YES;
				COPY_PHASE_STRIP = NO;
				DEBUG_INFORMATION_FORMAT = dwarf;
				ENABLE_STRICT_OBJC_MSGSEND = YES;
				ENABLE_TESTABILITY = YES;
				GCC_C_LANGUAGE_STANDARD = gnu11;
				GCC_DYNAMIC_NO_PIC = NO;
				GCC_NO_COMMON_BLOCKS = YES;
				GCC_OPTIMIZATION_LEVEL = 0;
				GCC_PREPROCESSOR_DEFINITIONS = (
					"DEBUG=1",
					"$(inherited)",
				);
				GCC_WARN_64_TO_32_BIT_CONVERSION = YES;
				GCC_WARN_ABOUT_RETURN_TYPE = YES_ERROR;
				GCC_WARN_UNDECLARED_SELECTOR = YES;
				GCC_WARN_UNINITIALIZED_AUTOS = YES_AGGRESSIVE;
				GCC_WARN_UNUSED_FUNCTION = YES;
				GCC_WARN_UNUSED_VARIABLE = YES;
				IPHONEOS_DEPLOYMENT_TARGET = 14.5;
				MTL_ENABLE_DEBUG_INFO = INCLUDE_SOURCE;
				MTL_FAST_MATH = YES;
				ONLY_ACTIVE_ARCH = YES;
				SDKROOT = iphoneos;
				SWIFT_ACTIVE_COMPILATION_CONDITIONS = DEBUG;
				SWIFT_OPTIMIZATION_LEVEL = "-Onone";
			};
			name = Debug;
		};
		4D832BF72654414C00752AF8 /* Release */ = {
			isa = XCBuildConfiguration;
			buildSettings = {
				ALWAYS_SEARCH_USER_PATHS = NO;
				CLANG_ANALYZER_NONNULL = YES;
				CLANG_ANALYZER_NUMBER_OBJECT_CONVERSION = YES_AGGRESSIVE;
				CLANG_CXX_LANGUAGE_STANDARD = "gnu++14";
				CLANG_CXX_LIBRARY = "libc++";
				CLANG_ENABLE_MODULES = YES;
				CLANG_ENABLE_OBJC_ARC = YES;
				CLANG_ENABLE_OBJC_WEAK = YES;
				CLANG_WARN_BLOCK_CAPTURE_AUTORELEASING = YES;
				CLANG_WARN_BOOL_CONVERSION = YES;
				CLANG_WARN_COMMA = YES;
				CLANG_WARN_CONSTANT_CONVERSION = YES;
				CLANG_WARN_DEPRECATED_OBJC_IMPLEMENTATIONS = YES;
				CLANG_WARN_DIRECT_OBJC_ISA_USAGE = YES_ERROR;
				CLANG_WARN_DOCUMENTATION_COMMENTS = YES;
				CLANG_WARN_EMPTY_BODY = YES;
				CLANG_WARN_ENUM_CONVERSION = YES;
				CLANG_WARN_INFINITE_RECURSION = YES;
				CLANG_WARN_INT_CONVERSION = YES;
				CLANG_WARN_NON_LITERAL_NULL_CONVERSION = YES;
				CLANG_WARN_OBJC_IMPLICIT_RETAIN_SELF = YES;
				CLANG_WARN_OBJC_LITERAL_CONVERSION = YES;
				CLANG_WARN_OBJC_ROOT_CLASS = YES_ERROR;
				CLANG_WARN_QUOTED_INCLUDE_IN_FRAMEWORK_HEADER = YES;
				CLANG_WARN_RANGE_LOOP_ANALYSIS = YES;
				CLANG_WARN_STRICT_PROTOTYPES = YES;
				CLANG_WARN_SUSPICIOUS_MOVE = YES;
				CLANG_WARN_UNGUARDED_AVAILABILITY = YES_AGGRESSIVE;
				CLANG_WARN_UNREACHABLE_CODE = YES;
				CLANG_WARN__DUPLICATE_METHOD_MATCH = YES;
				COPY_PHASE_STRIP = NO;
				DEBUG_INFORMATION_FORMAT = "dwarf-with-dsym";
				ENABLE_NS_ASSERTIONS = NO;
				ENABLE_STRICT_OBJC_MSGSEND = YES;
				GCC_C_LANGUAGE_STANDARD = gnu11;
				GCC_NO_COMMON_BLOCKS = YES;
				GCC_WARN_64_TO_32_BIT_CONVERSION = YES;
				GCC_WARN_ABOUT_RETURN_TYPE = YES_ERROR;
				GCC_WARN_UNDECLARED_SELECTOR = YES;
				GCC_WARN_UNINITIALIZED_AUTOS = YES_AGGRESSIVE;
				GCC_WARN_UNUSED_FUNCTION = YES;
				GCC_WARN_UNUSED_VARIABLE = YES;
				IPHONEOS_DEPLOYMENT_TARGET = 14.5;
				MTL_ENABLE_DEBUG_INFO = NO;
				MTL_FAST_MATH = YES;
				SDKROOT = iphoneos;
				SWIFT_COMPILATION_MODE = wholemodule;
				SWIFT_OPTIMIZATION_LEVEL = "-O";
				VALIDATE_PRODUCT = YES;
			};
			name = Release;
		};
		4D832BF92654414C00752AF8 /* Debug */ = {
			isa = XCBuildConfiguration;
			buildSettings = {
				ASSETCATALOG_COMPILER_APPICON_NAME = AppIcon;
				ASSETCATALOG_COMPILER_GLOBAL_ACCENT_COLOR_NAME = AccentColor;
				CODE_SIGN_STYLE = Automatic;
				DEVELOPMENT_TEAM = CWDH6S87LF;
				INFOPLIST_FILE = "Minha Lista/Info.plist";
				IPHONEOS_DEPLOYMENT_TARGET = 13.6;
				LD_RUNPATH_SEARCH_PATHS = (
					"$(inherited)",
					"@executable_path/Frameworks",
				);
				PRODUCT_BUNDLE_IDENTIFIER = "br.wilton-garcia.Minha-Lista";
				PRODUCT_NAME = "$(TARGET_NAME)";
				SWIFT_VERSION = 5.0;
				TARGETED_DEVICE_FAMILY = "1,2";
			};
			name = Debug;
		};
		4D832BFA2654414C00752AF8 /* Release */ = {
			isa = XCBuildConfiguration;
			buildSettings = {
				ASSETCATALOG_COMPILER_APPICON_NAME = AppIcon;
				ASSETCATALOG_COMPILER_GLOBAL_ACCENT_COLOR_NAME = AccentColor;
				CODE_SIGN_STYLE = Automatic;
				DEVELOPMENT_TEAM = CWDH6S87LF;
				INFOPLIST_FILE = "Minha Lista/Info.plist";
				IPHONEOS_DEPLOYMENT_TARGET = 13.6;
				LD_RUNPATH_SEARCH_PATHS = (
					"$(inherited)",
					"@executable_path/Frameworks",
				);
				PRODUCT_BUNDLE_IDENTIFIER = "br.wilton-garcia.Minha-Lista";
				PRODUCT_NAME = "$(TARGET_NAME)";
				SWIFT_VERSION = 5.0;
				TARGETED_DEVICE_FAMILY = "1,2";
			};
			name = Release;
		};
		4DD52D1526583F480034CDA4 /* Debug */ = {
			isa = XCBuildConfiguration;
			buildSettings = {
				BUNDLE_LOADER = "$(TEST_HOST)";
				CODE_SIGN_STYLE = Automatic;
				DEVELOPMENT_TEAM = CWDH6S87LF;
				INFOPLIST_FILE = "Minha ListaTests/Info.plist";
				LD_RUNPATH_SEARCH_PATHS = (
					"$(inherited)",
					"@executable_path/Frameworks",
					"@loader_path/Frameworks",
				);
				PRODUCT_BUNDLE_IDENTIFIER = "br.wilton-garcia.Minha-ListaTests";
				PRODUCT_NAME = "$(TARGET_NAME)";
				SWIFT_VERSION = 5.0;
				TARGETED_DEVICE_FAMILY = "1,2";
				TEST_HOST = "$(BUILT_PRODUCTS_DIR)/Minha Lista.app/Minha Lista";
			};
			name = Debug;
		};
		4DD52D1626583F480034CDA4 /* Release */ = {
			isa = XCBuildConfiguration;
			buildSettings = {
				BUNDLE_LOADER = "$(TEST_HOST)";
				CODE_SIGN_STYLE = Automatic;
				DEVELOPMENT_TEAM = CWDH6S87LF;
				INFOPLIST_FILE = "Minha ListaTests/Info.plist";
				LD_RUNPATH_SEARCH_PATHS = (
					"$(inherited)",
					"@executable_path/Frameworks",
					"@loader_path/Frameworks",
				);
				PRODUCT_BUNDLE_IDENTIFIER = "br.wilton-garcia.Minha-ListaTests";
				PRODUCT_NAME = "$(TARGET_NAME)";
				SWIFT_VERSION = 5.0;
				TARGETED_DEVICE_FAMILY = "1,2";
				TEST_HOST = "$(BUILT_PRODUCTS_DIR)/Minha Lista.app/Minha Lista";
			};
			name = Release;
		};
/* End XCBuildConfiguration section */

/* Begin XCConfigurationList section */
		4D832BDF2654414800752AF8 /* Build configuration list for PBXProject "Minha Lista" */ = {
			isa = XCConfigurationList;
			buildConfigurations = (
				4D832BF62654414C00752AF8 /* Debug */,
				4D832BF72654414C00752AF8 /* Release */,
			);
			defaultConfigurationIsVisible = 0;
			defaultConfigurationName = Release;
		};
		4D832BF82654414C00752AF8 /* Build configuration list for PBXNativeTarget "Minha Lista" */ = {
			isa = XCConfigurationList;
			buildConfigurations = (
				4D832BF92654414C00752AF8 /* Debug */,
				4D832BFA2654414C00752AF8 /* Release */,
			);
			defaultConfigurationIsVisible = 0;
			defaultConfigurationName = Release;
		};
		4DD52D1726583F480034CDA4 /* Build configuration list for PBXNativeTarget "Minha ListaTests" */ = {
			isa = XCConfigurationList;
			buildConfigurations = (
				4DD52D1526583F480034CDA4 /* Debug */,
				4DD52D1626583F480034CDA4 /* Release */,
			);
			defaultConfigurationIsVisible = 0;
			defaultConfigurationName = Release;
		};
/* End XCConfigurationList section */
	};
	rootObject = 4D832BDC2654414800752AF8 /* Project object */;
}
