// !$*UTF8*$!
{
	archiveVersion = 1;
	classes = {
	};
	objectVersion = 50;
	objects = {

/* Begin PBXBuildFile section */
		4D147CCC266D9AB000EC306A /* AddListInteractor.swift in Sources */ = {isa = PBXBuildFile; fileRef = 4D147CCB266D9AB000EC306A /* AddListInteractor.swift */; };
		4D147CCE266D9C9600EC306A /* DataBaseAcess.swift in Sources */ = {isa = PBXBuildFile; fileRef = 4D147CCD266D9C9600EC306A /* DataBaseAcess.swift */; };
		4D147CD1266D9DD200EC306A /* AddListViewToPresenterProtocol.swift in Sources */ = {isa = PBXBuildFile; fileRef = 4D147CD0266D9DD200EC306A /* AddListViewToPresenterProtocol.swift */; };
		4D147CD3266D9DFB00EC306A /* AddListPresenterToViewProtocol.swift in Sources */ = {isa = PBXBuildFile; fileRef = 4D147CD2266D9DFB00EC306A /* AddListPresenterToViewProtocol.swift */; };
		4D147CD5266D9E1200EC306A /* AddListPresenterToRouterProtocol.swift in Sources */ = {isa = PBXBuildFile; fileRef = 4D147CD4266D9E1200EC306A /* AddListPresenterToRouterProtocol.swift */; };
		4D147CD7266D9E5300EC306A /* AddListPresenterToInteractorProtocol.swift in Sources */ = {isa = PBXBuildFile; fileRef = 4D147CD6266D9E5300EC306A /* AddListPresenterToInteractorProtocol.swift */; };
		4D147CD9266D9E7000EC306A /* AdListInteractorToPresenterProtocol.swift in Sources */ = {isa = PBXBuildFile; fileRef = 4D147CD8266D9E7000EC306A /* AdListInteractorToPresenterProtocol.swift */; };
		4D147CDC266DA13700EC306A /* AddListPresenter.swift in Sources */ = {isa = PBXBuildFile; fileRef = 4D147CDB266DA13700EC306A /* AddListPresenter.swift */; };
		4D147CDF266DA1CB00EC306A /* AddListRouter.swift in Sources */ = {isa = PBXBuildFile; fileRef = 4D147CDE266DA1CB00EC306A /* AddListRouter.swift */; };
		4D147CE1266DA7CC00EC306A /* AddListViewDelegate.swift in Sources */ = {isa = PBXBuildFile; fileRef = 4D147CE0266DA7CC00EC306A /* AddListViewDelegate.swift */; };
		4D3AAE5E267580CA0089CDC5 /* ItemListsProtocols.swift in Sources */ = {isa = PBXBuildFile; fileRef = 4D3AAE5D267580CA0089CDC5 /* ItemListsProtocols.swift */; };
		4D3AAE602675823F0089CDC5 /* ItemListViewController.swift in Sources */ = {isa = PBXBuildFile; fileRef = 4D3AAE5F2675823F0089CDC5 /* ItemListViewController.swift */; };
		4D3AAE6226759F330089CDC5 /* ItemListRouter.swift in Sources */ = {isa = PBXBuildFile; fileRef = 4D3AAE6126759F330089CDC5 /* ItemListRouter.swift */; };
		4D3AAE6426759F990089CDC5 /* ItemListPresenter.swift in Sources */ = {isa = PBXBuildFile; fileRef = 4D3AAE6326759F990089CDC5 /* ItemListPresenter.swift */; };
		4D3AAE6626759FB40089CDC5 /* ItemListInteractor.swift in Sources */ = {isa = PBXBuildFile; fileRef = 4D3AAE6526759FB40089CDC5 /* ItemListInteractor.swift */; };
		4D4B6FD2265EFB8B00574F81 /* AddListPopupView.swift in Sources */ = {isa = PBXBuildFile; fileRef = 4D4B6FD1265EFB8B00574F81 /* AddListPopupView.swift */; };
		4D4B6FD7265F0E2C00574F81 /* AddListPopupViewController.swift in Sources */ = {isa = PBXBuildFile; fileRef = 4D4B6FD6265F0E2C00574F81 /* AddListPopupViewController.swift */; };
		4D6BA9A126641B4100F65B50 /* ListPresenter.swift in Sources */ = {isa = PBXBuildFile; fileRef = 4D6BA9A026641B4100F65B50 /* ListPresenter.swift */; };
		4D6BA9A32665201900F65B50 /* ListViewDelegate.swift in Sources */ = {isa = PBXBuildFile; fileRef = 4D6BA9A22665201900F65B50 /* ListViewDelegate.swift */; };
		4D6BA9A9266555AE00F65B50 /* ViewToPresenterProtocol.swift in Sources */ = {isa = PBXBuildFile; fileRef = 4D6BA9A8266555AE00F65B50 /* ViewToPresenterProtocol.swift */; };
		4D6BA9AB266555ED00F65B50 /* PresenterToViewProtocol.swift in Sources */ = {isa = PBXBuildFile; fileRef = 4D6BA9AA266555ED00F65B50 /* PresenterToViewProtocol.swift */; };
		4D6BA9AD2665565B00F65B50 /* PresenterToInteractorProtocol.swift in Sources */ = {isa = PBXBuildFile; fileRef = 4D6BA9AC2665565B00F65B50 /* PresenterToInteractorProtocol.swift */; };
		4D6BA9AF266556AC00F65B50 /* PresenterToRouterProtocol.swift in Sources */ = {isa = PBXBuildFile; fileRef = 4D6BA9AE266556AC00F65B50 /* PresenterToRouterProtocol.swift */; };
		4D6BA9B1266557A600F65B50 /* InteractorToPresenterProtocol.swift in Sources */ = {isa = PBXBuildFile; fileRef = 4D6BA9B0266557A600F65B50 /* InteractorToPresenterProtocol.swift */; };
		4D767CCA265AD7B6000661FC /* ListInteractorTest.swift in Sources */ = {isa = PBXBuildFile; fileRef = 4D767CC9265AD7B6000661FC /* ListInteractorTest.swift */; };
		4D767CD2265AD7D8000661FC /* VirtualDataBaseTest.swift in Sources */ = {isa = PBXBuildFile; fileRef = 4D767CD1265AD7D8000661FC /* VirtualDataBaseTest.swift */; };
		4D832BE82654414900752AF8 /* AppDelegate.swift in Sources */ = {isa = PBXBuildFile; fileRef = 4D832BE72654414900752AF8 /* AppDelegate.swift */; };
		4D832BEC2654414900752AF8 /* ViewController.swift in Sources */ = {isa = PBXBuildFile; fileRef = 4D832BEB2654414900752AF8 /* ViewController.swift */; };
		4D832BF12654414C00752AF8 /* Assets.xcassets in Resources */ = {isa = PBXBuildFile; fileRef = 4D832BF02654414C00752AF8 /* Assets.xcassets */; };
		4D832BF42654414C00752AF8 /* LaunchScreen.storyboard in Resources */ = {isa = PBXBuildFile; fileRef = 4D832BF22654414C00752AF8 /* LaunchScreen.storyboard */; };
		4D832C0026544D4F00752AF8 /* MyListsViewController.swift in Sources */ = {isa = PBXBuildFile; fileRef = 4D832BFF26544D4F00752AF8 /* MyListsViewController.swift */; };
		4D832C0226544D8400752AF8 /* MyListsView.swift in Sources */ = {isa = PBXBuildFile; fileRef = 4D832C0126544D8400752AF8 /* MyListsView.swift */; };
		4D832C05265456D500752AF8 /* Item.swift in Sources */ = {isa = PBXBuildFile; fileRef = 4D832C04265456D500752AF8 /* Item.swift */; };
		4D832C07265456EC00752AF8 /* ItemList.swift in Sources */ = {isa = PBXBuildFile; fileRef = 4D832C06265456EC00752AF8 /* ItemList.swift */; };
		4D832C092655F0E300752AF8 /* ListCellView.swift in Sources */ = {isa = PBXBuildFile; fileRef = 4D832C082655F0E300752AF8 /* ListCellView.swift */; };
		4D9E324C26705C760097B7C3 /* ItemListView.swift in Sources */ = {isa = PBXBuildFile; fileRef = 4D9E324B26705C760097B7C3 /* ItemListView.swift */; };
		4DC4E974266195480029321F /* ListRouter.swift in Sources */ = {isa = PBXBuildFile; fileRef = 4DC4E973266195480029321F /* ListRouter.swift */; };
		4DD52D202658598A0034CDA4 /* ListInteractor.swift in Sources */ = {isa = PBXBuildFile; fileRef = 4DD52D1F265859890034CDA4 /* ListInteractor.swift */; };
		4DD52D23265861370034CDA4 /* VirtualDataBase.swift in Sources */ = {isa = PBXBuildFile; fileRef = 4DD52D22265861370034CDA4 /* VirtualDataBase.swift */; };
/* End PBXBuildFile section */

/* Begin PBXContainerItemProxy section */
		4D767CCC265AD7B6000661FC /* PBXContainerItemProxy */ = {
			isa = PBXContainerItemProxy;
			containerPortal = 4D832BDC2654414800752AF8 /* Project object */;
			proxyType = 1;
			remoteGlobalIDString = 4D832BE32654414800752AF8;
			remoteInfo = "Minha Lista";
		};
/* End PBXContainerItemProxy section */

/* Begin PBXFileReference section */
		4D147CCB266D9AB000EC306A /* AddListInteractor.swift */ = {isa = PBXFileReference; lastKnownFileType = sourcecode.swift; path = AddListInteractor.swift; sourceTree = "<group>"; };
		4D147CCD266D9C9600EC306A /* DataBaseAcess.swift */ = {isa = PBXFileReference; lastKnownFileType = sourcecode.swift; path = DataBaseAcess.swift; sourceTree = "<group>"; };
		4D147CD0266D9DD200EC306A /* AddListViewToPresenterProtocol.swift */ = {isa = PBXFileReference; lastKnownFileType = sourcecode.swift; path = AddListViewToPresenterProtocol.swift; sourceTree = "<group>"; };
		4D147CD2266D9DFB00EC306A /* AddListPresenterToViewProtocol.swift */ = {isa = PBXFileReference; lastKnownFileType = sourcecode.swift; path = AddListPresenterToViewProtocol.swift; sourceTree = "<group>"; };
		4D147CD4266D9E1200EC306A /* AddListPresenterToRouterProtocol.swift */ = {isa = PBXFileReference; lastKnownFileType = sourcecode.swift; path = AddListPresenterToRouterProtocol.swift; sourceTree = "<group>"; };
		4D147CD6266D9E5300EC306A /* AddListPresenterToInteractorProtocol.swift */ = {isa = PBXFileReference; lastKnownFileType = sourcecode.swift; path = AddListPresenterToInteractorProtocol.swift; sourceTree = "<group>"; };
		4D147CD8266D9E7000EC306A /* AdListInteractorToPresenterProtocol.swift */ = {isa = PBXFileReference; lastKnownFileType = sourcecode.swift; path = AdListInteractorToPresenterProtocol.swift; sourceTree = "<group>"; };
		4D147CDB266DA13700EC306A /* AddListPresenter.swift */ = {isa = PBXFileReference; lastKnownFileType = sourcecode.swift; path = AddListPresenter.swift; sourceTree = "<group>"; };
		4D147CDE266DA1CB00EC306A /* AddListRouter.swift */ = {isa = PBXFileReference; lastKnownFileType = sourcecode.swift; path = AddListRouter.swift; sourceTree = "<group>"; };
		4D147CE0266DA7CC00EC306A /* AddListViewDelegate.swift */ = {isa = PBXFileReference; lastKnownFileType = sourcecode.swift; path = AddListViewDelegate.swift; sourceTree = "<group>"; };
		4D3AAE5D267580CA0089CDC5 /* ItemListsProtocols.swift */ = {isa = PBXFileReference; lastKnownFileType = sourcecode.swift; path = ItemListsProtocols.swift; sourceTree = "<group>"; };
		4D3AAE5F2675823F0089CDC5 /* ItemListViewController.swift */ = {isa = PBXFileReference; lastKnownFileType = sourcecode.swift; path = ItemListViewController.swift; sourceTree = "<group>"; };
		4D3AAE6126759F330089CDC5 /* ItemListRouter.swift */ = {isa = PBXFileReference; lastKnownFileType = sourcecode.swift; path = ItemListRouter.swift; sourceTree = "<group>"; };
		4D3AAE6326759F990089CDC5 /* ItemListPresenter.swift */ = {isa = PBXFileReference; lastKnownFileType = sourcecode.swift; path = ItemListPresenter.swift; sourceTree = "<group>"; };
		4D3AAE6526759FB40089CDC5 /* ItemListInteractor.swift */ = {isa = PBXFileReference; lastKnownFileType = sourcecode.swift; path = ItemListInteractor.swift; sourceTree = "<group>"; };
		4D4B6FD1265EFB8B00574F81 /* AddListPopupView.swift */ = {isa = PBXFileReference; lastKnownFileType = sourcecode.swift; path = AddListPopupView.swift; sourceTree = "<group>"; };
		4D4B6FD6265F0E2C00574F81 /* AddListPopupViewController.swift */ = {isa = PBXFileReference; lastKnownFileType = sourcecode.swift; path = AddListPopupViewController.swift; sourceTree = "<group>"; };
		4D6BA9A026641B4100F65B50 /* ListPresenter.swift */ = {isa = PBXFileReference; lastKnownFileType = sourcecode.swift; path = ListPresenter.swift; sourceTree = "<group>"; };
		4D6BA9A22665201900F65B50 /* ListViewDelegate.swift */ = {isa = PBXFileReference; lastKnownFileType = sourcecode.swift; path = ListViewDelegate.swift; sourceTree = "<group>"; };
		4D6BA9A8266555AE00F65B50 /* ViewToPresenterProtocol.swift */ = {isa = PBXFileReference; lastKnownFileType = sourcecode.swift; path = ViewToPresenterProtocol.swift; sourceTree = "<group>"; };
		4D6BA9AA266555ED00F65B50 /* PresenterToViewProtocol.swift */ = {isa = PBXFileReference; lastKnownFileType = sourcecode.swift; path = PresenterToViewProtocol.swift; sourceTree = "<group>"; };
		4D6BA9AC2665565B00F65B50 /* PresenterToInteractorProtocol.swift */ = {isa = PBXFileReference; lastKnownFileType = sourcecode.swift; path = PresenterToInteractorProtocol.swift; sourceTree = "<group>"; };
		4D6BA9AE266556AC00F65B50 /* PresenterToRouterProtocol.swift */ = {isa = PBXFileReference; lastKnownFileType = sourcecode.swift; path = PresenterToRouterProtocol.swift; sourceTree = "<group>"; };
		4D6BA9B0266557A600F65B50 /* InteractorToPresenterProtocol.swift */ = {isa = PBXFileReference; lastKnownFileType = sourcecode.swift; path = InteractorToPresenterProtocol.swift; sourceTree = "<group>"; };
		4D767CC7265AD7B6000661FC /* MinhaListaTests.xctest */ = {isa = PBXFileReference; explicitFileType = wrapper.cfbundle; includeInIndex = 0; path = MinhaListaTests.xctest; sourceTree = BUILT_PRODUCTS_DIR; };
		4D767CC9265AD7B6000661FC /* ListInteractorTest.swift */ = {isa = PBXFileReference; lastKnownFileType = sourcecode.swift; path = ListInteractorTest.swift; sourceTree = "<group>"; };
		4D767CCB265AD7B6000661FC /* Info.plist */ = {isa = PBXFileReference; lastKnownFileType = text.plist.xml; path = Info.plist; sourceTree = "<group>"; };
		4D767CD1265AD7D8000661FC /* VirtualDataBaseTest.swift */ = {isa = PBXFileReference; lastKnownFileType = sourcecode.swift; path = VirtualDataBaseTest.swift; sourceTree = "<group>"; };
		4D832BE42654414900752AF8 /* Minha Lista.app */ = {isa = PBXFileReference; explicitFileType = wrapper.application; includeInIndex = 0; path = "Minha Lista.app"; sourceTree = BUILT_PRODUCTS_DIR; };
		4D832BE72654414900752AF8 /* AppDelegate.swift */ = {isa = PBXFileReference; lastKnownFileType = sourcecode.swift; path = AppDelegate.swift; sourceTree = "<group>"; };
		4D832BEB2654414900752AF8 /* ViewController.swift */ = {isa = PBXFileReference; lastKnownFileType = sourcecode.swift; path = ViewController.swift; sourceTree = "<group>"; };
		4D832BF02654414C00752AF8 /* Assets.xcassets */ = {isa = PBXFileReference; lastKnownFileType = folder.assetcatalog; path = Assets.xcassets; sourceTree = "<group>"; };
		4D832BF32654414C00752AF8 /* Base */ = {isa = PBXFileReference; lastKnownFileType = file.storyboard; name = Base; path = Base.lproj/LaunchScreen.storyboard; sourceTree = "<group>"; };
		4D832BF52654414C00752AF8 /* Info.plist */ = {isa = PBXFileReference; lastKnownFileType = text.plist.xml; path = Info.plist; sourceTree = "<group>"; };
		4D832BFF26544D4F00752AF8 /* MyListsViewController.swift */ = {isa = PBXFileReference; lastKnownFileType = sourcecode.swift; path = MyListsViewController.swift; sourceTree = "<group>"; };
		4D832C0126544D8400752AF8 /* MyListsView.swift */ = {isa = PBXFileReference; lastKnownFileType = sourcecode.swift; path = MyListsView.swift; sourceTree = "<group>"; };
		4D832C04265456D500752AF8 /* Item.swift */ = {isa = PBXFileReference; lastKnownFileType = sourcecode.swift; path = Item.swift; sourceTree = "<group>"; };
		4D832C06265456EC00752AF8 /* ItemList.swift */ = {isa = PBXFileReference; lastKnownFileType = sourcecode.swift; path = ItemList.swift; sourceTree = "<group>"; };
		4D832C082655F0E300752AF8 /* ListCellView.swift */ = {isa = PBXFileReference; lastKnownFileType = sourcecode.swift; path = ListCellView.swift; sourceTree = "<group>"; };
		4D9E324B26705C760097B7C3 /* ItemListView.swift */ = {isa = PBXFileReference; lastKnownFileType = sourcecode.swift; path = ItemListView.swift; sourceTree = "<group>"; };
		4DC4E973266195480029321F /* ListRouter.swift */ = {isa = PBXFileReference; lastKnownFileType = sourcecode.swift; path = ListRouter.swift; sourceTree = "<group>"; };
		4DD52D1F265859890034CDA4 /* ListInteractor.swift */ = {isa = PBXFileReference; lastKnownFileType = sourcecode.swift; path = ListInteractor.swift; sourceTree = "<group>"; };
		4DD52D22265861370034CDA4 /* VirtualDataBase.swift */ = {isa = PBXFileReference; lastKnownFileType = sourcecode.swift; path = VirtualDataBase.swift; sourceTree = "<group>"; };
/* End PBXFileReference section */

/* Begin PBXFrameworksBuildPhase section */
		4D767CC4265AD7B6000661FC /* Frameworks */ = {
			isa = PBXFrameworksBuildPhase;
			buildActionMask = 2147483647;
			files = (
			);
			runOnlyForDeploymentPostprocessing = 0;
		};
		4D832BE12654414800752AF8 /* Frameworks */ = {
			isa = PBXFrameworksBuildPhase;
			buildActionMask = 2147483647;
			files = (
			);
			runOnlyForDeploymentPostprocessing = 0;
		};
/* End PBXFrameworksBuildPhase section */

/* Begin PBXGroup section */
		4D147CC8266D9A1D00EC306A /* ADDLISTS */ = {
			isa = PBXGroup;
			children = (
				4D147CCF266D9D6A00EC306A /* PROTOCOLS */,
				4D147CC9266D9A2800EC306A /* VIEW */,
				4D147CCA266D9A6B00EC306A /* INTERACTOR */,
				4D147CDA266DA09800EC306A /* PRESENTER */,
				4D147CDD266DA1A400EC306A /* ROUTER */,
			);
			path = ADDLISTS;
			sourceTree = "<group>";
		};
		4D147CC9266D9A2800EC306A /* VIEW */ = {
			isa = PBXGroup;
			children = (
				4D4B6FD1265EFB8B00574F81 /* AddListPopupView.swift */,
				4D4B6FD6265F0E2C00574F81 /* AddListPopupViewController.swift */,
			);
			path = VIEW;
			sourceTree = "<group>";
		};
		4D147CCA266D9A6B00EC306A /* INTERACTOR */ = {
			isa = PBXGroup;
			children = (
				4D147CCB266D9AB000EC306A /* AddListInteractor.swift */,
			);
			path = INTERACTOR;
			sourceTree = "<group>";
		};
		4D147CCF266D9D6A00EC306A /* PROTOCOLS */ = {
			isa = PBXGroup;
			children = (
				4D147CD0266D9DD200EC306A /* AddListViewToPresenterProtocol.swift */,
				4D147CD2266D9DFB00EC306A /* AddListPresenterToViewProtocol.swift */,
				4D147CD4266D9E1200EC306A /* AddListPresenterToRouterProtocol.swift */,
				4D147CD6266D9E5300EC306A /* AddListPresenterToInteractorProtocol.swift */,
				4D147CD8266D9E7000EC306A /* AdListInteractorToPresenterProtocol.swift */,
				4D147CE0266DA7CC00EC306A /* AddListViewDelegate.swift */,
			);
			path = PROTOCOLS;
			sourceTree = "<group>";
		};
		4D147CDA266DA09800EC306A /* PRESENTER */ = {
			isa = PBXGroup;
			children = (
				4D147CDB266DA13700EC306A /* AddListPresenter.swift */,
			);
			path = PRESENTER;
			sourceTree = "<group>";
		};
		4D147CDD266DA1A400EC306A /* ROUTER */ = {
			isa = PBXGroup;
			children = (
				4D147CDE266DA1CB00EC306A /* AddListRouter.swift */,
			);
			path = ROUTER;
			sourceTree = "<group>";
		};
		4D3AAE5C267580AB0089CDC5 /* PROTOCOLS */ = {
			isa = PBXGroup;
			children = (
				4D3AAE5D267580CA0089CDC5 /* ItemListsProtocols.swift */,
			);
			path = PROTOCOLS;
			sourceTree = "<group>";
		};
		4D6BA9A72665297300F65B50 /* PROTOCOLS */ = {
			isa = PBXGroup;
			children = (
				4D6BA9A22665201900F65B50 /* ListViewDelegate.swift */,
				4D6BA9A8266555AE00F65B50 /* ViewToPresenterProtocol.swift */,
				4D6BA9AA266555ED00F65B50 /* PresenterToViewProtocol.swift */,
				4D6BA9AE266556AC00F65B50 /* PresenterToRouterProtocol.swift */,
				4D6BA9AC2665565B00F65B50 /* PresenterToInteractorProtocol.swift */,
				4D6BA9B0266557A600F65B50 /* InteractorToPresenterProtocol.swift */,
			);
			path = PROTOCOLS;
			sourceTree = "<group>";
		};
		4D767CC8265AD7B6000661FC /* MinhaListaTests */ = {
			isa = PBXGroup;
			children = (
				4D767CCB265AD7B6000661FC /* Info.plist */,
				4D767CC9265AD7B6000661FC /* ListInteractorTest.swift */,
				4D767CD1265AD7D8000661FC /* VirtualDataBaseTest.swift */,
			);
			path = MinhaListaTests;
			sourceTree = "<group>";
		};
		4D832BDB2654414800752AF8 = {
			isa = PBXGroup;
			children = (
				4D832BE62654414900752AF8 /* Minha Lista */,
				4D767CC8265AD7B6000661FC /* MinhaListaTests */,
				4D832BE52654414900752AF8 /* Products */,
			);
			sourceTree = "<group>";
		};
		4D832BE52654414900752AF8 /* Products */ = {
			isa = PBXGroup;
			children = (
				4D832BE42654414900752AF8 /* Minha Lista.app */,
				4D767CC7265AD7B6000661FC /* MinhaListaTests.xctest */,
			);
			name = Products;
			sourceTree = "<group>";
		};
		4D832BE62654414900752AF8 /* Minha Lista */ = {
			isa = PBXGroup;
			children = (
				4DD52D2126585FDF0034CDA4 /* DATA */,
				4D832BFB265444D200752AF8 /* APP */,
				4D832BE72654414900752AF8 /* AppDelegate.swift */,
				4D832BEB2654414900752AF8 /* ViewController.swift */,
				4D832BF02654414C00752AF8 /* Assets.xcassets */,
				4D832BF22654414C00752AF8 /* LaunchScreen.storyboard */,
				4D832BF52654414C00752AF8 /* Info.plist */,
			);
			path = "Minha Lista";
			sourceTree = "<group>";
		};
		4D832BFB265444D200752AF8 /* APP */ = {
			isa = PBXGroup;
			children = (
				4D832BFC265444DD00752AF8 /* MODULES */,
			);
			path = APP;
			sourceTree = "<group>";
		};
		4D832BFC265444DD00752AF8 /* MODULES */ = {
			isa = PBXGroup;
			children = (
				4DD52D19265854220034CDA4 /* LISTS */,
				4D147CC8266D9A1D00EC306A /* ADDLISTS */,
				4DCE178B26755ACF003F62A0 /* ITEMLIST */,
				4D832BFD2654450D00752AF8 /* ITEMS */,
			);
			path = MODULES;
			sourceTree = "<group>";
		};
		4D832BFD2654450D00752AF8 /* ITEMS */ = {
			isa = PBXGroup;
			children = (
				4DD52D18265852980034CDA4 /* INTERACTOR */,
				4D832C03265456C100752AF8 /* ENTITY */,
				4D832BFE26544D2E00752AF8 /* VIEW */,
			);
			path = ITEMS;
			sourceTree = "<group>";
		};
		4D832BFE26544D2E00752AF8 /* VIEW */ = {
			isa = PBXGroup;
			children = (
			);
			path = VIEW;
			sourceTree = "<group>";
		};
		4D832C03265456C100752AF8 /* ENTITY */ = {
			isa = PBXGroup;
			children = (
				4D832C04265456D500752AF8 /* Item.swift */,
			);
			path = ENTITY;
			sourceTree = "<group>";
		};
		4DC4E972266194FC0029321F /* ROUTER */ = {
			isa = PBXGroup;
			children = (
				4DC4E973266195480029321F /* ListRouter.swift */,
			);
			path = ROUTER;
			sourceTree = "<group>";
		};
		4DC4E9752662E1980029321F /* PRESENTER */ = {
			isa = PBXGroup;
			children = (
				4D6BA9A026641B4100F65B50 /* ListPresenter.swift */,
			);
			path = PRESENTER;
			sourceTree = "<group>";
		};
		4DCE178B26755ACF003F62A0 /* ITEMLIST */ = {
			isa = PBXGroup;
			children = (
				4D3AAE5C267580AB0089CDC5 /* PROTOCOLS */,
				4DCE179226755B4A003F62A0 /* VIEW */,
				4DCE178F26755B1B003F62A0 /* INTERACTOR */,
				4DCE179026755B25003F62A0 /* PRESENTER */,
				4DCE179126755B2C003F62A0 /* ENTITY */,
				4DCE178E26755B12003F62A0 /* ROUTER */,
			);
			path = ITEMLIST;
			sourceTree = "<group>";
		};
		4DCE178E26755B12003F62A0 /* ROUTER */ = {
			isa = PBXGroup;
			children = (
				4D3AAE6126759F330089CDC5 /* ItemListRouter.swift */,
			);
			path = ROUTER;
			sourceTree = "<group>";
		};
		4DCE178F26755B1B003F62A0 /* INTERACTOR */ = {
			isa = PBXGroup;
			children = (
				4D3AAE6526759FB40089CDC5 /* ItemListInteractor.swift */,
			);
			path = INTERACTOR;
			sourceTree = "<group>";
		};
		4DCE179026755B25003F62A0 /* PRESENTER */ = {
			isa = PBXGroup;
			children = (
				4D3AAE6326759F990089CDC5 /* ItemListPresenter.swift */,
			);
			path = PRESENTER;
			sourceTree = "<group>";
		};
		4DCE179126755B2C003F62A0 /* ENTITY */ = {
			isa = PBXGroup;
			children = (
				4D832C06265456EC00752AF8 /* ItemList.swift */,
			);
			path = ENTITY;
			sourceTree = "<group>";
		};
		4DCE179226755B4A003F62A0 /* VIEW */ = {
			isa = PBXGroup;
			children = (
				4D9E324B26705C760097B7C3 /* ItemListView.swift */,
				4D3AAE5F2675823F0089CDC5 /* ItemListViewController.swift */,
			);
			path = VIEW;
			sourceTree = "<group>";
		};
		4DD52D18265852980034CDA4 /* INTERACTOR */ = {
			isa = PBXGroup;
			children = (
			);
			path = INTERACTOR;
			sourceTree = "<group>";
		};
		4DD52D19265854220034CDA4 /* LISTS */ = {
			isa = PBXGroup;
			children = (
				4D6BA9A72665297300F65B50 /* PROTOCOLS */,
				4DD52D1A2658543E0034CDA4 /* VIEWS */,
				4DD52D1E2658594C0034CDA4 /* INTERACTOR */,
				4DC4E9752662E1980029321F /* PRESENTER */,
				4DD52D1B265854470034CDA4 /* ENTITY */,
				4DC4E972266194FC0029321F /* ROUTER */,
			);
			path = LISTS;
			sourceTree = "<group>";
		};
		4DD52D1A2658543E0034CDA4 /* VIEWS */ = {
			isa = PBXGroup;
			children = (
				4D832C082655F0E300752AF8 /* ListCellView.swift */,
				4D832BFF26544D4F00752AF8 /* MyListsViewController.swift */,
				4D832C0126544D8400752AF8 /* MyListsView.swift */,
			);
			path = VIEWS;
			sourceTree = "<group>";
		};
		4DD52D1B265854470034CDA4 /* ENTITY */ = {
			isa = PBXGroup;
			children = (
			);
			path = ENTITY;
			sourceTree = "<group>";
		};
		4DD52D1E2658594C0034CDA4 /* INTERACTOR */ = {
			isa = PBXGroup;
			children = (
				4DD52D1F265859890034CDA4 /* ListInteractor.swift */,
			);
			path = INTERACTOR;
			sourceTree = "<group>";
		};
		4DD52D2126585FDF0034CDA4 /* DATA */ = {
			isa = PBXGroup;
			children = (
				4DD52D22265861370034CDA4 /* VirtualDataBase.swift */,
				4D147CCD266D9C9600EC306A /* DataBaseAcess.swift */,
			);
			path = DATA;
			sourceTree = "<group>";
		};
/* End PBXGroup section */

/* Begin PBXNativeTarget section */
		4D767CC6265AD7B6000661FC /* MinhaListaTests */ = {
			isa = PBXNativeTarget;
			buildConfigurationList = 4D767CCE265AD7B6000661FC /* Build configuration list for PBXNativeTarget "MinhaListaTests" */;
			buildPhases = (
				4D767CC3265AD7B6000661FC /* Sources */,
				4D767CC4265AD7B6000661FC /* Frameworks */,
				4D767CC5265AD7B6000661FC /* Resources */,
			);
			buildRules = (
			);
			dependencies = (
				4D767CCD265AD7B6000661FC /* PBXTargetDependency */,
			);
			name = MinhaListaTests;
			productName = MinhaListaTests;
			productReference = 4D767CC7265AD7B6000661FC /* MinhaListaTests.xctest */;
			productType = "com.apple.product-type.bundle.unit-test";
		};
		4D832BE32654414800752AF8 /* Minha Lista */ = {
			isa = PBXNativeTarget;
			buildConfigurationList = 4D832BF82654414C00752AF8 /* Build configuration list for PBXNativeTarget "Minha Lista" */;
			buildPhases = (
				4D832BE02654414800752AF8 /* Sources */,
				4D832BE12654414800752AF8 /* Frameworks */,
				4D832BE22654414800752AF8 /* Resources */,
			);
			buildRules = (
			);
			dependencies = (
			);
			name = "Minha Lista";
			productName = "Minha Lista";
			productReference = 4D832BE42654414900752AF8 /* Minha Lista.app */;
			productType = "com.apple.product-type.application";
		};
/* End PBXNativeTarget section */

/* Begin PBXProject section */
		4D832BDC2654414800752AF8 /* Project object */ = {
			isa = PBXProject;
			attributes = {
				LastSwiftUpdateCheck = 1250;
				LastUpgradeCheck = 1250;
				TargetAttributes = {
					4D767CC6265AD7B6000661FC = {
						CreatedOnToolsVersion = 12.5;
						TestTargetID = 4D832BE32654414800752AF8;
					};
					4D832BE32654414800752AF8 = {
						CreatedOnToolsVersion = 12.5;
					};
				};
			};
			buildConfigurationList = 4D832BDF2654414800752AF8 /* Build configuration list for PBXProject "Minha Lista" */;
			compatibilityVersion = "Xcode 9.3";
			developmentRegion = en;
			hasScannedForEncodings = 0;
			knownRegions = (
				en,
				Base,
			);
			mainGroup = 4D832BDB2654414800752AF8;
			productRefGroup = 4D832BE52654414900752AF8 /* Products */;
			projectDirPath = "";
			projectRoot = "";
			targets = (
				4D832BE32654414800752AF8 /* Minha Lista */,
				4D767CC6265AD7B6000661FC /* MinhaListaTests */,
			);
		};
/* End PBXProject section */

/* Begin PBXResourcesBuildPhase section */
		4D767CC5265AD7B6000661FC /* Resources */ = {
			isa = PBXResourcesBuildPhase;
			buildActionMask = 2147483647;
			files = (
			);
			runOnlyForDeploymentPostprocessing = 0;
		};
		4D832BE22654414800752AF8 /* Resources */ = {
			isa = PBXResourcesBuildPhase;
			buildActionMask = 2147483647;
			files = (
				4D832BF42654414C00752AF8 /* LaunchScreen.storyboard in Resources */,
				4D832BF12654414C00752AF8 /* Assets.xcassets in Resources */,
			);
			runOnlyForDeploymentPostprocessing = 0;
		};
/* End PBXResourcesBuildPhase section */

/* Begin PBXSourcesBuildPhase section */
		4D767CC3265AD7B6000661FC /* Sources */ = {
			isa = PBXSourcesBuildPhase;
			buildActionMask = 2147483647;
			files = (
				4D767CD2265AD7D8000661FC /* VirtualDataBaseTest.swift in Sources */,
				4D767CCA265AD7B6000661FC /* ListInteractorTest.swift in Sources */,
			);
			runOnlyForDeploymentPostprocessing = 0;
		};
		4D832BE02654414800752AF8 /* Sources */ = {
			isa = PBXSourcesBuildPhase;
			buildActionMask = 2147483647;
			files = (
				4D147CD1266D9DD200EC306A /* AddListViewToPresenterProtocol.swift in Sources */,
				4D3AAE6426759F990089CDC5 /* ItemListPresenter.swift in Sources */,
				4D3AAE602675823F0089CDC5 /* ItemListViewController.swift in Sources */,
				4D3AAE6626759FB40089CDC5 /* ItemListInteractor.swift in Sources */,
				4D6BA9AD2665565B00F65B50 /* PresenterToInteractorProtocol.swift in Sources */,
				4D6BA9A9266555AE00F65B50 /* ViewToPresenterProtocol.swift in Sources */,
				4D6BA9A126641B4100F65B50 /* ListPresenter.swift in Sources */,
				4D832C0226544D8400752AF8 /* MyListsView.swift in Sources */,
				4D832BEC2654414900752AF8 /* ViewController.swift in Sources */,
				4D6BA9AB266555ED00F65B50 /* PresenterToViewProtocol.swift in Sources */,
				4D6BA9A32665201900F65B50 /* ListViewDelegate.swift in Sources */,
				4D147CD5266D9E1200EC306A /* AddListPresenterToRouterProtocol.swift in Sources */,
				4D147CDF266DA1CB00EC306A /* AddListRouter.swift in Sources */,
				4D4B6FD7265F0E2C00574F81 /* AddListPopupViewController.swift in Sources */,
				4D832C0026544D4F00752AF8 /* MyListsViewController.swift in Sources */,
				4D3AAE5E267580CA0089CDC5 /* ItemListsProtocols.swift in Sources */,
				4D832C07265456EC00752AF8 /* ItemList.swift in Sources */,
				4D147CD7266D9E5300EC306A /* AddListPresenterToInteractorProtocol.swift in Sources */,
				4D4B6FD2265EFB8B00574F81 /* AddListPopupView.swift in Sources */,
				4DD52D23265861370034CDA4 /* VirtualDataBase.swift in Sources */,
				4D832BE82654414900752AF8 /* AppDelegate.swift in Sources */,
				4D832C092655F0E300752AF8 /* ListCellView.swift in Sources */,
				4D147CCC266D9AB000EC306A /* AddListInteractor.swift in Sources */,
				4D6BA9B1266557A600F65B50 /* InteractorToPresenterProtocol.swift in Sources */,
				4D6BA9AF266556AC00F65B50 /* PresenterToRouterProtocol.swift in Sources */,
				4D147CD9266D9E7000EC306A /* AdListInteractorToPresenterProtocol.swift in Sources */,
				4D147CDC266DA13700EC306A /* AddListPresenter.swift in Sources */,
				4D832C05265456D500752AF8 /* Item.swift in Sources */,
				4DC4E974266195480029321F /* ListRouter.swift in Sources */,
				4D9E324C26705C760097B7C3 /* ItemListView.swift in Sources */,
				4DD52D202658598A0034CDA4 /* ListInteractor.swift in Sources */,
				4D147CCE266D9C9600EC306A /* DataBaseAcess.swift in Sources */,
				4D147CE1266DA7CC00EC306A /* AddListViewDelegate.swift in Sources */,
				4D3AAE6226759F330089CDC5 /* ItemListRouter.swift in Sources */,
				4D147CD3266D9DFB00EC306A /* AddListPresenterToViewProtocol.swift in Sources */,
			);
			runOnlyForDeploymentPostprocessing = 0;
		};
/* End PBXSourcesBuildPhase section */

/* Begin PBXTargetDependency section */
		4D767CCD265AD7B6000661FC /* PBXTargetDependency */ = {
			isa = PBXTargetDependency;
			target = 4D832BE32654414800752AF8 /* Minha Lista */;
			targetProxy = 4D767CCC265AD7B6000661FC /* PBXContainerItemProxy */;
		};
/* End PBXTargetDependency section */

/* Begin PBXVariantGroup section */
		4D832BF22654414C00752AF8 /* LaunchScreen.storyboard */ = {
			isa = PBXVariantGroup;
			children = (
				4D832BF32654414C00752AF8 /* Base */,
			);
			name = LaunchScreen.storyboard;
			sourceTree = "<group>";
		};
/* End PBXVariantGroup section */

/* Begin XCBuildConfiguration section */
		4D767CCF265AD7B6000661FC /* Debug */ = {
			isa = XCBuildConfiguration;
			buildSettings = {
				BUNDLE_LOADER = "$(TEST_HOST)";
				CODE_SIGN_STYLE = Automatic;
				DEVELOPMENT_TEAM = CWDH6S87LF;
				INFOPLIST_FILE = MinhaListaTests/Info.plist;
				LD_RUNPATH_SEARCH_PATHS = (
					"$(inherited)",
					"@executable_path/Frameworks",
					"@loader_path/Frameworks",
				);
				PRODUCT_BUNDLE_IDENTIFIER = "br.wilton-garcia.MinhaListaTests";
				PRODUCT_NAME = "$(TARGET_NAME)";
				SWIFT_VERSION = 5.0;
				TARGETED_DEVICE_FAMILY = "1,2";
				TEST_HOST = "$(BUILT_PRODUCTS_DIR)/Minha Lista.app/Minha Lista";
			};
			name = Debug;
		};
		4D767CD0265AD7B6000661FC /* Release */ = {
			isa = XCBuildConfiguration;
			buildSettings = {
				BUNDLE_LOADER = "$(TEST_HOST)";
				CODE_SIGN_STYLE = Automatic;
				DEVELOPMENT_TEAM = CWDH6S87LF;
				INFOPLIST_FILE = MinhaListaTests/Info.plist;
				LD_RUNPATH_SEARCH_PATHS = (
					"$(inherited)",
					"@executable_path/Frameworks",
					"@loader_path/Frameworks",
				);
				PRODUCT_BUNDLE_IDENTIFIER = "br.wilton-garcia.MinhaListaTests";
				PRODUCT_NAME = "$(TARGET_NAME)";
				SWIFT_VERSION = 5.0;
				TARGETED_DEVICE_FAMILY = "1,2";
				TEST_HOST = "$(BUILT_PRODUCTS_DIR)/Minha Lista.app/Minha Lista";
			};
			name = Release;
		};
		4D832BF62654414C00752AF8 /* Debug */ = {
			isa = XCBuildConfiguration;
			buildSettings = {
				ALWAYS_SEARCH_USER_PATHS = NO;
				CLANG_ANALYZER_NONNULL = YES;
				CLANG_ANALYZER_NUMBER_OBJECT_CONVERSION = YES_AGGRESSIVE;
				CLANG_CXX_LANGUAGE_STANDARD = "gnu++14";
				CLANG_CXX_LIBRARY = "libc++";
				CLANG_ENABLE_MODULES = YES;
				CLANG_ENABLE_OBJC_ARC = YES;
				CLANG_ENABLE_OBJC_WEAK = YES;
				CLANG_WARN_BLOCK_CAPTURE_AUTORELEASING = YES;
				CLANG_WARN_BOOL_CONVERSION = YES;
				CLANG_WARN_COMMA = YES;
				CLANG_WARN_CONSTANT_CONVERSION = YES;
				CLANG_WARN_DEPRECATED_OBJC_IMPLEMENTATIONS = YES;
				CLANG_WARN_DIRECT_OBJC_ISA_USAGE = YES_ERROR;
				CLANG_WARN_DOCUMENTATION_COMMENTS = YES;
				CLANG_WARN_EMPTY_BODY = YES;
				CLANG_WARN_ENUM_CONVERSION = YES;
				CLANG_WARN_INFINITE_RECURSION = YES;
				CLANG_WARN_INT_CONVERSION = YES;
				CLANG_WARN_NON_LITERAL_NULL_CONVERSION = YES;
				CLANG_WARN_OBJC_IMPLICIT_RETAIN_SELF = YES;
				CLANG_WARN_OBJC_LITERAL_CONVERSION = YES;
				CLANG_WARN_OBJC_ROOT_CLASS = YES_ERROR;
				CLANG_WARN_QUOTED_INCLUDE_IN_FRAMEWORK_HEADER = YES;
				CLANG_WARN_RANGE_LOOP_ANALYSIS = YES;
				CLANG_WARN_STRICT_PROTOTYPES = YES;
				CLANG_WARN_SUSPICIOUS_MOVE = YES;
				CLANG_WARN_UNGUARDED_AVAILABILITY = YES_AGGRESSIVE;
				CLANG_WARN_UNREACHABLE_CODE = YES;
				CLANG_WARN__DUPLICATE_METHOD_MATCH = YES;
				COPY_PHASE_STRIP = NO;
				DEBUG_INFORMATION_FORMAT = dwarf;
				ENABLE_STRICT_OBJC_MSGSEND = YES;
				ENABLE_TESTABILITY = YES;
				GCC_C_LANGUAGE_STANDARD = gnu11;
				GCC_DYNAMIC_NO_PIC = NO;
				GCC_NO_COMMON_BLOCKS = YES;
				GCC_OPTIMIZATION_LEVEL = 0;
				GCC_PREPROCESSOR_DEFINITIONS = (
					"DEBUG=1",
					"$(inherited)",
				);
				GCC_WARN_64_TO_32_BIT_CONVERSION = YES;
				GCC_WARN_ABOUT_RETURN_TYPE = YES_ERROR;
				GCC_WARN_UNDECLARED_SELECTOR = YES;
				GCC_WARN_UNINITIALIZED_AUTOS = YES_AGGRESSIVE;
				GCC_WARN_UNUSED_FUNCTION = YES;
				GCC_WARN_UNUSED_VARIABLE = YES;
				IPHONEOS_DEPLOYMENT_TARGET = 14.5;
				MTL_ENABLE_DEBUG_INFO = INCLUDE_SOURCE;
				MTL_FAST_MATH = YES;
				ONLY_ACTIVE_ARCH = YES;
				SDKROOT = iphoneos;
				SWIFT_ACTIVE_COMPILATION_CONDITIONS = DEBUG;
				SWIFT_OPTIMIZATION_LEVEL = "-Onone";
			};
			name = Debug;
		};
		4D832BF72654414C00752AF8 /* Release */ = {
			isa = XCBuildConfiguration;
			buildSettings = {
				ALWAYS_SEARCH_USER_PATHS = NO;
				CLANG_ANALYZER_NONNULL = YES;
				CLANG_ANALYZER_NUMBER_OBJECT_CONVERSION = YES_AGGRESSIVE;
				CLANG_CXX_LANGUAGE_STANDARD = "gnu++14";
				CLANG_CXX_LIBRARY = "libc++";
				CLANG_ENABLE_MODULES = YES;
				CLANG_ENABLE_OBJC_ARC = YES;
				CLANG_ENABLE_OBJC_WEAK = YES;
				CLANG_WARN_BLOCK_CAPTURE_AUTORELEASING = YES;
				CLANG_WARN_BOOL_CONVERSION = YES;
				CLANG_WARN_COMMA = YES;
				CLANG_WARN_CONSTANT_CONVERSION = YES;
				CLANG_WARN_DEPRECATED_OBJC_IMPLEMENTATIONS = YES;
				CLANG_WARN_DIRECT_OBJC_ISA_USAGE = YES_ERROR;
				CLANG_WARN_DOCUMENTATION_COMMENTS = YES;
				CLANG_WARN_EMPTY_BODY = YES;
				CLANG_WARN_ENUM_CONVERSION = YES;
				CLANG_WARN_INFINITE_RECURSION = YES;
				CLANG_WARN_INT_CONVERSION = YES;
				CLANG_WARN_NON_LITERAL_NULL_CONVERSION = YES;
				CLANG_WARN_OBJC_IMPLICIT_RETAIN_SELF = YES;
				CLANG_WARN_OBJC_LITERAL_CONVERSION = YES;
				CLANG_WARN_OBJC_ROOT_CLASS = YES_ERROR;
				CLANG_WARN_QUOTED_INCLUDE_IN_FRAMEWORK_HEADER = YES;
				CLANG_WARN_RANGE_LOOP_ANALYSIS = YES;
				CLANG_WARN_STRICT_PROTOTYPES = YES;
				CLANG_WARN_SUSPICIOUS_MOVE = YES;
				CLANG_WARN_UNGUARDED_AVAILABILITY = YES_AGGRESSIVE;
				CLANG_WARN_UNREACHABLE_CODE = YES;
				CLANG_WARN__DUPLICATE_METHOD_MATCH = YES;
				COPY_PHASE_STRIP = NO;
				DEBUG_INFORMATION_FORMAT = "dwarf-with-dsym";
				ENABLE_NS_ASSERTIONS = NO;
				ENABLE_STRICT_OBJC_MSGSEND = YES;
				GCC_C_LANGUAGE_STANDARD = gnu11;
				GCC_NO_COMMON_BLOCKS = YES;
				GCC_WARN_64_TO_32_BIT_CONVERSION = YES;
				GCC_WARN_ABOUT_RETURN_TYPE = YES_ERROR;
				GCC_WARN_UNDECLARED_SELECTOR = YES;
				GCC_WARN_UNINITIALIZED_AUTOS = YES_AGGRESSIVE;
				GCC_WARN_UNUSED_FUNCTION = YES;
				GCC_WARN_UNUSED_VARIABLE = YES;
				IPHONEOS_DEPLOYMENT_TARGET = 14.5;
				MTL_ENABLE_DEBUG_INFO = NO;
				MTL_FAST_MATH = YES;
				SDKROOT = iphoneos;
				SWIFT_COMPILATION_MODE = wholemodule;
				SWIFT_OPTIMIZATION_LEVEL = "-O";
				VALIDATE_PRODUCT = YES;
			};
			name = Release;
		};
		4D832BF92654414C00752AF8 /* Debug */ = {
			isa = XCBuildConfiguration;
			buildSettings = {
				ASSETCATALOG_COMPILER_APPICON_NAME = AppIcon;
				ASSETCATALOG_COMPILER_GLOBAL_ACCENT_COLOR_NAME = AccentColor;
				CODE_SIGN_STYLE = Automatic;
				DEVELOPMENT_TEAM = CWDH6S87LF;
				INFOPLIST_FILE = "Minha Lista/Info.plist";
				IPHONEOS_DEPLOYMENT_TARGET = 13.6;
				LD_RUNPATH_SEARCH_PATHS = (
					"$(inherited)",
					"@executable_path/Frameworks",
				);
				PRODUCT_BUNDLE_IDENTIFIER = "br.wilton-garcia.Minha-Lista";
				PRODUCT_NAME = "$(TARGET_NAME)";
				SWIFT_VERSION = 5.0;
				TARGETED_DEVICE_FAMILY = "1,2";
			};
			name = Debug;
		};
		4D832BFA2654414C00752AF8 /* Release */ = {
			isa = XCBuildConfiguration;
			buildSettings = {
				ASSETCATALOG_COMPILER_APPICON_NAME = AppIcon;
				ASSETCATALOG_COMPILER_GLOBAL_ACCENT_COLOR_NAME = AccentColor;
				CODE_SIGN_STYLE = Automatic;
				DEVELOPMENT_TEAM = CWDH6S87LF;
				INFOPLIST_FILE = "Minha Lista/Info.plist";
				IPHONEOS_DEPLOYMENT_TARGET = 13.6;
				LD_RUNPATH_SEARCH_PATHS = (
					"$(inherited)",
					"@executable_path/Frameworks",
				);
				PRODUCT_BUNDLE_IDENTIFIER = "br.wilton-garcia.Minha-Lista";
				PRODUCT_NAME = "$(TARGET_NAME)";
				SWIFT_VERSION = 5.0;
				TARGETED_DEVICE_FAMILY = "1,2";
			};
			name = Release;
		};
/* End XCBuildConfiguration section */

/* Begin XCConfigurationList section */
		4D767CCE265AD7B6000661FC /* Build configuration list for PBXNativeTarget "MinhaListaTests" */ = {
			isa = XCConfigurationList;
			buildConfigurations = (
				4D767CCF265AD7B6000661FC /* Debug */,
				4D767CD0265AD7B6000661FC /* Release */,
			);
			defaultConfigurationIsVisible = 0;
			defaultConfigurationName = Release;
		};
		4D832BDF2654414800752AF8 /* Build configuration list for PBXProject "Minha Lista" */ = {
			isa = XCConfigurationList;
			buildConfigurations = (
				4D832BF62654414C00752AF8 /* Debug */,
				4D832BF72654414C00752AF8 /* Release */,
			);
			defaultConfigurationIsVisible = 0;
			defaultConfigurationName = Release;
		};
		4D832BF82654414C00752AF8 /* Build configuration list for PBXNativeTarget "Minha Lista" */ = {
			isa = XCConfigurationList;
			buildConfigurations = (
				4D832BF92654414C00752AF8 /* Debug */,
				4D832BFA2654414C00752AF8 /* Release */,
			);
			defaultConfigurationIsVisible = 0;
			defaultConfigurationName = Release;
		};
/* End XCConfigurationList section */
	};
	rootObject = 4D832BDC2654414800752AF8 /* Project object */;
}
